Microsoft Visual Studio Solution File, Format Version 11.00
# Visual Studio 2008

Project("{D9356D39-5EF9-0636-3CB1-398B049A0268}") = "ProgTest", "Assembly-CSharp.csproj", "{2DAA665F-3B6E-DA41-891A-8523ABA4AF2A}"
EndProject
Global
	GlobalSection(SolutionConfigurationPlatforms) = preSolution
		Debug|Any CPU = Debug|Any CPU
		Release|Any CPU = Release|Any CPU
	EndGlobalSection
	GlobalSection(ProjectConfigurationPlatforms) = postSolution
		{2DAA665F-3B6E-DA41-891A-8523ABA4AF2A}.Debug|Any CPU.ActiveCfg = Debug|Any CPU
		{2DAA665F-3B6E-DA41-891A-8523ABA4AF2A}.Debug|Any CPU.Build.0 = Debug|Any CPU
		{2DAA665F-3B6E-DA41-891A-8523ABA4AF2A}.Release|Any CPU.ActiveCfg = Release|Any CPU
		{2DAA665F-3B6E-DA41-891A-8523ABA4AF2A}.Release|Any CPU.Build.0 = Release|Any CPU
	EndGlobalSection
	GlobalSection(SolutionProperties) = preSolution
		HideSolutionNode = FALSE
	EndGlobalSection
	GlobalSection(MonoDevelopProperties) = preSolution
		StartupItem = Assembly-CSharp.csproj
	EndGlobalSection
EndGlobal
